
Microsoft Visual Studio Solution File, Format Version 11.00
# Visual Studio 2010
Project("{FAE04EC0-301F-11D3-BF4B-00C04F79EFBC}") = "CengZai.Web", "CengZai.Web\CengZai.Web.csproj", "{38606E1C-849E-4CD4-9FF1-54E49F84A565}"
EndProject
Project("{FAE04EC0-301F-11D3-BF4B-00C04F79EFBC}") = "CengZai", "CengZai.Core\CengZai.csproj", "{939C462C-17FF-4CDD-8F01-D1FB46218A42}"
EndProject
Project("{FAE04EC0-301F-11D3-BF4B-00C04F79EFBC}") = "Open.Sina2SDK", "Sina2SDK\Open.Sina2SDK.csproj", "{C5399C53-98E7-45EB-BA32-782714AA6B4C}"
EndProject
Project("{FAE04EC0-301F-11D3-BF4B-00C04F79EFBC}") = "QConnectSDK", "QConnectSDK\QConnectSDK.csproj", "{DDF84840-7A36-425D-A0A0-ED63DABB78EF}"
EndProject
Global
	GlobalSection(SolutionConfigurationPlatforms) = preSolution
		Debug|Any CPU = Debug|Any CPU
		Release|Any CPU = Release|Any CPU
	EndGlobalSection
	GlobalSection(ProjectConfigurationPlatforms) = postSolution
		{38606E1C-849E-4CD4-9FF1-54E49F84A565}.Debug|Any CPU.ActiveCfg = Debug|Any CPU
		{38606E1C-849E-4CD4-9FF1-54E49F84A565}.Debug|Any CPU.Build.0 = Debug|Any CPU
		{38606E1C-849E-4CD4-9FF1-54E49F84A565}.Release|Any CPU.ActiveCfg = Release|Any CPU
		{38606E1C-849E-4CD4-9FF1-54E49F84A565}.Release|Any CPU.Build.0 = Release|Any CPU
		{939C462C-17FF-4CDD-8F01-D1FB46218A42}.Debug|Any CPU.ActiveCfg = Debug|Any CPU
		{939C462C-17FF-4CDD-8F01-D1FB46218A42}.Debug|Any CPU.Build.0 = Debug|Any CPU
		{939C462C-17FF-4CDD-8F01-D1FB46218A42}.Release|Any CPU.ActiveCfg = Release|Any CPU
		{939C462C-17FF-4CDD-8F01-D1FB46218A42}.Release|Any CPU.Build.0 = Release|Any CPU
		{C5399C53-98E7-45EB-BA32-782714AA6B4C}.Debug|Any CPU.ActiveCfg = Debug|Any CPU
		{C5399C53-98E7-45EB-BA32-782714AA6B4C}.Debug|Any CPU.Build.0 = Debug|Any CPU
		{C5399C53-98E7-45EB-BA32-782714AA6B4C}.Release|Any CPU.ActiveCfg = Release|Any CPU
		{C5399C53-98E7-45EB-BA32-782714AA6B4C}.Release|Any CPU.Build.0 = Release|Any CPU
		{DDF84840-7A36-425D-A0A0-ED63DABB78EF}.Debug|Any CPU.ActiveCfg = Debug|Any CPU
		{DDF84840-7A36-425D-A0A0-ED63DABB78EF}.Debug|Any CPU.Build.0 = Debug|Any CPU
		{DDF84840-7A36-425D-A0A0-ED63DABB78EF}.Release|Any CPU.ActiveCfg = Release|Any CPU
		{DDF84840-7A36-425D-A0A0-ED63DABB78EF}.Release|Any CPU.Build.0 = Release|Any CPU
	EndGlobalSection
	GlobalSection(SolutionProperties) = preSolution
		HideSolutionNode = FALSE
	EndGlobalSection
EndGlobal
