
Microsoft Visual Studio Solution File, Format Version 11.00
# Visual Studio 2010
Project("{FAE04EC0-301F-11D3-BF4B-00C04F79EFBC}") = "CengZai.Web", "CengZai.Web\CengZai.Web.csproj", "{38606E1C-849E-4CD4-9FF1-54E49F84A565}"
EndProject
Project("{FAE04EC0-301F-11D3-BF4B-00C04F79EFBC}") = "CengZai", "CengZai.Core\CengZai.csproj", "{939C462C-17FF-4CDD-8F01-D1FB46218A42}"
EndProject
Project("{FAE04EC0-301F-11D3-BF4B-00C04F79EFBC}") = "CengZai.OAuthSDK", "CengZai.OAuthSDK\CengZai.OAuthSDK.csproj", "{9CD3B146-A006-479F-8762-9C12275EA0F4}"
EndProject
Global
	GlobalSection(SolutionConfigurationPlatforms) = preSolution
		Debug|Any CPU = Debug|Any CPU
		Release|Any CPU = Release|Any CPU
	EndGlobalSection
	GlobalSection(ProjectConfigurationPlatforms) = postSolution
		{38606E1C-849E-4CD4-9FF1-54E49F84A565}.Debug|Any CPU.ActiveCfg = Debug|Any CPU
		{38606E1C-849E-4CD4-9FF1-54E49F84A565}.Debug|Any CPU.Build.0 = Debug|Any CPU
		{38606E1C-849E-4CD4-9FF1-54E49F84A565}.Release|Any CPU.ActiveCfg = Release|Any CPU
		{38606E1C-849E-4CD4-9FF1-54E49F84A565}.Release|Any CPU.Build.0 = Release|Any CPU
		{939C462C-17FF-4CDD-8F01-D1FB46218A42}.Debug|Any CPU.ActiveCfg = Debug|Any CPU
		{939C462C-17FF-4CDD-8F01-D1FB46218A42}.Debug|Any CPU.Build.0 = Debug|Any CPU
		{939C462C-17FF-4CDD-8F01-D1FB46218A42}.Release|Any CPU.ActiveCfg = Release|Any CPU
		{939C462C-17FF-4CDD-8F01-D1FB46218A42}.Release|Any CPU.Build.0 = Release|Any CPU
		{9CD3B146-A006-479F-8762-9C12275EA0F4}.Debug|Any CPU.ActiveCfg = Debug|Any CPU
		{9CD3B146-A006-479F-8762-9C12275EA0F4}.Debug|Any CPU.Build.0 = Debug|Any CPU
		{9CD3B146-A006-479F-8762-9C12275EA0F4}.Release|Any CPU.ActiveCfg = Release|Any CPU
		{9CD3B146-A006-479F-8762-9C12275EA0F4}.Release|Any CPU.Build.0 = Release|Any CPU
	EndGlobalSection
	GlobalSection(SolutionProperties) = preSolution
		HideSolutionNode = FALSE
	EndGlobalSection
EndGlobal
